
Microsoft Visual Studio Solution File, Format Version 12.00
# Visual Studio Version 17
VisualStudioVersion = 17.8.34525.116
MinimumVisualStudioVersion = 10.0.40219.1
Project("{FAE04EC0-301F-11D3-BF4B-00C04F79EFBC}") = "DegreeCourse", "DegreeCourse\DegreeCourse.csproj", "{4A4F0358-11F3-4C0D-AF99-84114B9DCFE2}"
EndProject
Project("{FAE04EC0-301F-11D3-BF4B-00C04F79EFBC}") = "DAL", "DAL\DAL.csproj", "{AF4BBC38-0AD2-43C8-80F4-7B03F812A7CD}"
EndProject
Project("{FAE04EC0-301F-11D3-BF4B-00C04F79EFBC}") = "BLL", "BLL\BLL.csproj", "{84184425-3173-4E22-AC86-27E623ECE20E}"
EndProject
Project("{FAE04EC0-301F-11D3-BF4B-00C04F79EFBC}") = "Model", "Model\Model.csproj", "{E5904E3F-D946-44BD-9D99-B18ADFE3DC9E}"
EndProject
Global
	GlobalSection(SolutionConfigurationPlatforms) = preSolution
		Debug|Any CPU = Debug|Any CPU
		Release|Any CPU = Release|Any CPU
	EndGlobalSection
	GlobalSection(ProjectConfigurationPlatforms) = postSolution
		{4A4F0358-11F3-4C0D-AF99-84114B9DCFE2}.Debug|Any CPU.ActiveCfg = Debug|Any CPU
		{4A4F0358-11F3-4C0D-AF99-84114B9DCFE2}.Debug|Any CPU.Build.0 = Debug|Any CPU
		{4A4F0358-11F3-4C0D-AF99-84114B9DCFE2}.Release|Any CPU.ActiveCfg = Release|Any CPU
		{4A4F0358-11F3-4C0D-AF99-84114B9DCFE2}.Release|Any CPU.Build.0 = Release|Any CPU
		{AF4BBC38-0AD2-43C8-80F4-7B03F812A7CD}.Debug|Any CPU.ActiveCfg = Debug|Any CPU
		{AF4BBC38-0AD2-43C8-80F4-7B03F812A7CD}.Debug|Any CPU.Build.0 = Debug|Any CPU
		{AF4BBC38-0AD2-43C8-80F4-7B03F812A7CD}.Release|Any CPU.ActiveCfg = Release|Any CPU
		{AF4BBC38-0AD2-43C8-80F4-7B03F812A7CD}.Release|Any CPU.Build.0 = Release|Any CPU
		{84184425-3173-4E22-AC86-27E623ECE20E}.Debug|Any CPU.ActiveCfg = Debug|Any CPU
		{84184425-3173-4E22-AC86-27E623ECE20E}.Debug|Any CPU.Build.0 = Debug|Any CPU
		{84184425-3173-4E22-AC86-27E623ECE20E}.Release|Any CPU.ActiveCfg = Release|Any CPU
		{84184425-3173-4E22-AC86-27E623ECE20E}.Release|Any CPU.Build.0 = Release|Any CPU
		{E5904E3F-D946-44BD-9D99-B18ADFE3DC9E}.Debug|Any CPU.ActiveCfg = Debug|Any CPU
		{E5904E3F-D946-44BD-9D99-B18ADFE3DC9E}.Debug|Any CPU.Build.0 = Debug|Any CPU
		{E5904E3F-D946-44BD-9D99-B18ADFE3DC9E}.Release|Any CPU.ActiveCfg = Release|Any CPU
		{E5904E3F-D946-44BD-9D99-B18ADFE3DC9E}.Release|Any CPU.Build.0 = Release|Any CPU
	EndGlobalSection
	GlobalSection(SolutionProperties) = preSolution
		HideSolutionNode = FALSE
	EndGlobalSection
	GlobalSection(ExtensibilityGlobals) = postSolution
		SolutionGuid = {A49B7A8B-D6DD-4211-AF86-5C32597823D1}
	EndGlobalSection
EndGlobal
